github.com/palantir/witchcraft-go-params v1.44.0 h1:ZKYQEpjPVPJCjF8pnS7/zwo89f2B2e5QsLK+XSD4SYo=
github.com/palantir/witchcraft-go-params v1.44.0/go.mod h1:AFNwy/sZbOO4WJ5QAkXxm4ar0R8/39RyvpJ9ktKhI2k=
github.com/stretchr/testify v1.12.1 h1:EuwCh5fleGS7H32xRwO3wRGT7DxrDhLAT6FF8MpWDWE=
github.com/stretchr/testify v1.12.1/go.mod h1:MDEgiDPPsNp5cuIrHPPCyornHKgEVbtFUmoNlxoYthg=
go.yaml.in/yaml/v3 v3.0.5 h1:N6y/pJk8buWs9NY5ERU2HSMfm+IuD/OtfdAnq6kESPw=
go.yaml.in/yaml/v3 v3.0.5/go.mod h1:HVTZu1O7/Vkt2N+BFy8Zza+lnLsABggaTM2ZpNIGuKg=
